Microsoft Visual Studio Solution File, Format Version 11.00
# Visual Studio 2008

Project("{254F82E7-E435-9E9C-FBAA-AD3B0700178A}") = "GeminiRPG", "Assembly-CSharp-firstpass.csproj", "{988CE274-A4C1-BB60-6EED-57F08B22CF9E}"
EndProject
Project("{254F82E7-E435-9E9C-FBAA-AD3B0700178A}") = "GeminiRPG", "Assembly-CSharp.csproj", "{0694DB84-DB15-B04D-C44D-6D4D6E506072}"
EndProject
Project("{254F82E7-E435-9E9C-FBAA-AD3B0700178A}") = "GeminiRPG", "Assembly-UnityScript-firstpass.unityproj", "{E0372591-2D40-3AC5-470F-55DD95EFF6DB}"
EndProject
Project("{254F82E7-E435-9E9C-FBAA-AD3B0700178A}") = "GeminiRPG", "Assembly-UnityScript.unityproj", "{E78A1E0E-9D6D-25A4-27AA-348237625223}"
EndProject
Global
	GlobalSection(SolutionConfigurationPlatforms) = preSolution
		Debug|Any CPU = Debug|Any CPU
		Release|Any CPU = Release|Any CPU
	EndGlobalSection
	GlobalSection(ProjectConfigurationPlatforms) = postSolution
		{988CE274-A4C1-BB60-6EED-57F08B22CF9E}.Debug|Any CPU.ActiveCfg = Debug|Any CPU
		{988CE274-A4C1-BB60-6EED-57F08B22CF9E}.Debug|Any CPU.Build.0 = Debug|Any CPU
		{988CE274-A4C1-BB60-6EED-57F08B22CF9E}.Release|Any CPU.ActiveCfg = Release|Any CPU
		{988CE274-A4C1-BB60-6EED-57F08B22CF9E}.Release|Any CPU.Build.0 = Release|Any CPU
		{0694DB84-DB15-B04D-C44D-6D4D6E506072}.Debug|Any CPU.ActiveCfg = Debug|Any CPU
		{0694DB84-DB15-B04D-C44D-6D4D6E506072}.Debug|Any CPU.Build.0 = Debug|Any CPU
		{0694DB84-DB15-B04D-C44D-6D4D6E506072}.Release|Any CPU.ActiveCfg = Release|Any CPU
		{0694DB84-DB15-B04D-C44D-6D4D6E506072}.Release|Any CPU.Build.0 = Release|Any CPU
		{E0372591-2D40-3AC5-470F-55DD95EFF6DB}.Debug|Any CPU.ActiveCfg = Debug|Any CPU
		{E0372591-2D40-3AC5-470F-55DD95EFF6DB}.Debug|Any CPU.Build.0 = Debug|Any CPU
		{E0372591-2D40-3AC5-470F-55DD95EFF6DB}.Release|Any CPU.ActiveCfg = Release|Any CPU
		{E0372591-2D40-3AC5-470F-55DD95EFF6DB}.Release|Any CPU.Build.0 = Release|Any CPU
		{E78A1E0E-9D6D-25A4-27AA-348237625223}.Debug|Any CPU.ActiveCfg = Debug|Any CPU
		{E78A1E0E-9D6D-25A4-27AA-348237625223}.Debug|Any CPU.Build.0 = Debug|Any CPU
		{E78A1E0E-9D6D-25A4-27AA-348237625223}.Release|Any CPU.ActiveCfg = Release|Any CPU
		{E78A1E0E-9D6D-25A4-27AA-348237625223}.Release|Any CPU.Build.0 = Release|Any CPU
	EndGlobalSection
	GlobalSection(SolutionProperties) = preSolution
		HideSolutionNode = FALSE
	EndGlobalSection
																																										GlobalSection(MonoDevelopProperties) = preSolution
		StartupItem = Assembly-CSharp.csproj
		Policies = $0
		$0.TextStylePolicy = $1
		$1.inheritsSet = null
		$1.scope = text/x-csharp
		$0.CSharpFormattingPolicy = $2
		$2.inheritsSet = Mono
		$2.inheritsScope = text/x-csharp
		$2.scope = text/x-csharp
		$0.TextStylePolicy = $3
		$3.FileWidth = 120
		$3.TabWidth = 4
		$3.EolMarker = Unix
		$3.inheritsSet = Mono
		$3.inheritsScope = text/plain
		$3.scope = text/plain
	EndGlobalSection

EndGlobal
